
Microsoft Visual Studio Solution File, Format Version 12.00
# Visual Studio 15
VisualStudioVersion = 15.0.28307.539
MinimumVisualStudioVersion = 10.0.40219.1
Project("{FAE04EC0-301F-11D3-BF4B-00C04F79EFBC}") = "UnitTesting", "UnitTesting\UnitTesting.csproj", "{5E0C98A7-B87E-4A29-807F-61BB41C7F9D4}"
EndProject
Global
	GlobalSection(SolutionConfigurationPlatforms) = preSolution
		Debug|Any CPU = Debug|Any CPU
		Release|Any CPU = Release|Any CPU
	EndGlobalSection
	GlobalSection(ProjectConfigurationPlatforms) = postSolution
		{5E0C98A7-B87E-4A29-807F-61BB41C7F9D4}.Debug|Any CPU.ActiveCfg = Debug|Any CPU
		{5E0C98A7-B87E-4A29-807F-61BB41C7F9D4}.Debug|Any CPU.Build.0 = Debug|Any CPU
		{5E0C98A7-B87E-4A29-807F-61BB41C7F9D4}.Release|Any CPU.ActiveCfg = Release|Any CPU
		{5E0C98A7-B87E-4A29-807F-61BB41C7F9D4}.Release|Any CPU.Build.0 = Release|Any CPU
	EndGlobalSection
	GlobalSection(SolutionProperties) = preSolution
		HideSolutionNode = FALSE
	EndGlobalSection
	GlobalSection(ExtensibilityGlobals) = postSolution
		SolutionGuid = {86D50894-E566-4951-B752-DD9DF27008C0}
	EndGlobalSection
EndGlobal
